
Microsoft Visual Studio Solution File, Format Version 12.00
# Visual Studio Version 16
VisualStudioVersion = 16.0.31729.503
MinimumVisualStudioVersion = 10.0.40219.1
Project("{9A19103F-16F7-4668-BE54-9A1E7A4F7556}") = "Zadaca1", "Zadaca1\Zadaca1.csproj", "{22C8058B-98E7-4E69-A0FE-8A627E2256A2}"
EndProject
Project("{FAE04EC0-301F-11D3-BF4B-00C04F79EFBC}") = "classlibrary", "classlibrary\classlibrary.csproj", "{36E4919D-9153-449F-951C-DABFC3AA98CA}"
EndProject
Global
	GlobalSection(SolutionConfigurationPlatforms) = preSolution
		Debug|Any CPU = Debug|Any CPU
		Release|Any CPU = Release|Any CPU
	EndGlobalSection
	GlobalSection(ProjectConfigurationPlatforms) = postSolution
		{22C8058B-98E7-4E69-A0FE-8A627E2256A2}.Debug|Any CPU.ActiveCfg = Debug|Any CPU
		{22C8058B-98E7-4E69-A0FE-8A627E2256A2}.Debug|Any CPU.Build.0 = Debug|Any CPU
		{22C8058B-98E7-4E69-A0FE-8A627E2256A2}.Release|Any CPU.ActiveCfg = Release|Any CPU
		{22C8058B-98E7-4E69-A0FE-8A627E2256A2}.Release|Any CPU.Build.0 = Release|Any CPU
		{36E4919D-9153-449F-951C-DABFC3AA98CA}.Debug|Any CPU.ActiveCfg = Debug|Any CPU
		{36E4919D-9153-449F-951C-DABFC3AA98CA}.Debug|Any CPU.Build.0 = Debug|Any CPU
		{36E4919D-9153-449F-951C-DABFC3AA98CA}.Release|Any CPU.ActiveCfg = Release|Any CPU
		{36E4919D-9153-449F-951C-DABFC3AA98CA}.Release|Any CPU.Build.0 = Release|Any CPU
	EndGlobalSection
	GlobalSection(SolutionProperties) = preSolution
		HideSolutionNode = FALSE
	EndGlobalSection
	GlobalSection(ExtensibilityGlobals) = postSolution
		SolutionGuid = {0048A754-EC29-4581-8997-385763A511B9}
	EndGlobalSection
EndGlobal
