
Microsoft Visual Studio Solution File, Format Version 12.00
# Visual Studio Version 16
VisualStudioVersion = 16.0.31729.503
MinimumVisualStudioVersion = 10.0.40219.1
Project("{FAE04EC0-301F-11D3-BF4B-00C04F79EFBC}") = "zadaca5", "zadaca5\zadaca5.csproj", "{BD2C0431-7BC1-4580-8F3E-7EABB86AF3E7}"
EndProject
Global
	GlobalSection(SolutionConfigurationPlatforms) = preSolution
		Debug|Any CPU = Debug|Any CPU
		Release|Any CPU = Release|Any CPU
	EndGlobalSection
	GlobalSection(ProjectConfigurationPlatforms) = postSolution
		{BD2C0431-7BC1-4580-8F3E-7EABB86AF3E7}.Debug|Any CPU.ActiveCfg = Debug|Any CPU
		{BD2C0431-7BC1-4580-8F3E-7EABB86AF3E7}.Debug|Any CPU.Build.0 = Debug|Any CPU
		{BD2C0431-7BC1-4580-8F3E-7EABB86AF3E7}.Release|Any CPU.ActiveCfg = Release|Any CPU
		{BD2C0431-7BC1-4580-8F3E-7EABB86AF3E7}.Release|Any CPU.Build.0 = Release|Any CPU
	EndGlobalSection
	GlobalSection(SolutionProperties) = preSolution
		HideSolutionNode = FALSE
	EndGlobalSection
	GlobalSection(ExtensibilityGlobals) = postSolution
		SolutionGuid = {BB73B593-9C75-4025-B105-8F66115DB4E8}
	EndGlobalSection
EndGlobal
